
Microsoft Visual Studio Solution File, Format Version 12.00
# Visual Studio 15
VisualStudioVersion = 15.0.27428.2043
MinimumVisualStudioVersion = 10.0.40219.1
Project("{FAE04EC0-301F-11D3-BF4B-00C04F79EFBC}") = "mouse click", "mouse click\mouse click.csproj", "{0555543D-597A-4DED-B55B-2FF178EE8DA5}"
EndProject
Global
	GlobalSection(SolutionConfigurationPlatforms) = preSolution
		Debug|Any CPU = Debug|Any CPU
		Release|Any CPU = Release|Any CPU
	EndGlobalSection
	GlobalSection(ProjectConfigurationPlatforms) = postSolution
		{0555543D-597A-4DED-B55B-2FF178EE8DA5}.Debug|Any CPU.ActiveCfg = Debug|Any CPU
		{0555543D-597A-4DED-B55B-2FF178EE8DA5}.Debug|Any CPU.Build.0 = Debug|Any CPU
		{0555543D-597A-4DED-B55B-2FF178EE8DA5}.Release|Any CPU.ActiveCfg = Release|Any CPU
		{0555543D-597A-4DED-B55B-2FF178EE8DA5}.Release|Any CPU.Build.0 = Release|Any CPU
	EndGlobalSection
	GlobalSection(SolutionProperties) = preSolution
		HideSolutionNode = FALSE
	EndGlobalSection
	GlobalSection(ExtensibilityGlobals) = postSolution
		SolutionGuid = {BAB24632-AB84-49F6-A5C4-D61F7A039BFC}
	EndGlobalSection
EndGlobal
